
Microsoft Visual Studio Solution File, Format Version 12.00
# Visual Studio 14
VisualStudioVersion = 14.0.25420.1
MinimumVisualStudioVersion = 10.0.40219.1
Project("{FAE04EC0-301F-11D3-BF4B-00C04F79EFBC}") = "NotificationWindow", "NotificationWindow\NotificationWindow.csproj", "{605006EB-D4E6-4312-A293-3A43FAC43240}"
EndProject
Project("{FAE04EC0-301F-11D3-BF4B-00C04F79EFBC}") = "StreamNotifier", "StreamNotifier\StreamNotifier.csproj", "{1C006735-0D7A-4009-93ED-ABE2A5759F04}"
	ProjectSection(ProjectDependencies) = postProject
		{EF72B7E6-064C-4AA6-9CA3-5E921DB62609} = {EF72B7E6-064C-4AA6-9CA3-5E921DB62609}
		{FBE967FA-455D-4440-971A-1B90D26659BD} = {FBE967FA-455D-4440-971A-1B90D26659BD}
	EndProjectSection
EndProject
Project("{2150E333-8FDC-42A3-9474-1A3956D46DE8}") = "APIS", "APIS", "{4B711DEB-E3F9-4FAC-960E-8A698D407797}"
EndProject
Project("{2150E333-8FDC-42A3-9474-1A3956D46DE8}") = "DailyMotion", "DailyMotion", "{34A61943-58F5-4559-A923-F55F200AB581}"
EndProject
Project("{2150E333-8FDC-42A3-9474-1A3956D46DE8}") = "Twitch", "Twitch", "{98D1EE93-8B89-41CC-B5C3-02973641839D}"
EndProject
Project("{2150E333-8FDC-42A3-9474-1A3956D46DE8}") = "Youtube", "Youtube", "{6B113DCC-246C-4FD9-A6AE-7E431B13AF37}"
EndProject
Project("{FAE04EC0-301F-11D3-BF4B-00C04F79EFBC}") = "YoutubeApi", "APIS\YoutubeApi\YoutubeApi.csproj", "{7F237A9B-9C6E-40B1-8D2E-A9914A34D685}"
	ProjectSection(ProjectDependencies) = postProject
		{EF72B7E6-064C-4AA6-9CA3-5E921DB62609} = {EF72B7E6-064C-4AA6-9CA3-5E921DB62609}
	EndProjectSection
EndProject
Project("{FAE04EC0-301F-11D3-BF4B-00C04F79EFBC}") = "DailymotionApi", "APIS\DailymotionApi\DailymotionApi.csproj", "{74987114-7E0B-4698-88AF-FE215537D771}"
	ProjectSection(ProjectDependencies) = postProject
		{EF72B7E6-064C-4AA6-9CA3-5E921DB62609} = {EF72B7E6-064C-4AA6-9CA3-5E921DB62609}
	EndProjectSection
EndProject
Project("{FAE04EC0-301F-11D3-BF4B-00C04F79EFBC}") = "TwitchApi", "APIS\TwitchApi\TwitchApi.csproj", "{290DD69D-4D2C-48CC-BF4D-7A832118ADFA}"
	ProjectSection(ProjectDependencies) = postProject
		{EF72B7E6-064C-4AA6-9CA3-5E921DB62609} = {EF72B7E6-064C-4AA6-9CA3-5E921DB62609}
	EndProjectSection
EndProject
Project("{FAE04EC0-301F-11D3-BF4B-00C04F79EFBC}") = "StreamNotifier.Utils", "StreamNotifier.Utils\StreamNotifier.Utils.csproj", "{17F8F39A-E764-4443-BE51-2EAAC2EF4F14}"
EndProject
Project("{2150E333-8FDC-42A3-9474-1A3956D46DE8}") = "Hitbox", "Hitbox", "{C2D88608-4921-4662-9AA0-1FA3FA491626}"
EndProject
Project("{FAE04EC0-301F-11D3-BF4B-00C04F79EFBC}") = "HitBoxApi", "APIS\HitBoxApi\HitBoxApi.csproj", "{467052D7-8DFC-468A-956C-3CF648598673}"
	ProjectSection(ProjectDependencies) = postProject
		{17F8F39A-E764-4443-BE51-2EAAC2EF4F14} = {17F8F39A-E764-4443-BE51-2EAAC2EF4F14}
		{EF72B7E6-064C-4AA6-9CA3-5E921DB62609} = {EF72B7E6-064C-4AA6-9CA3-5E921DB62609}
	EndProjectSection
EndProject
Project("{FAE04EC0-301F-11D3-BF4B-00C04F79EFBC}") = "MRG.Controls.UI", "MRG.Controls.UI\MRG.Controls.UI.csproj", "{48E18B56-4C37-4D69-ABA7-429C42B45AAC}"
EndProject
Project("{FAE04EC0-301F-11D3-BF4B-00C04F79EFBC}") = "StreamNotifier.Interfaces", "StreamNotifier.Interfaces\StreamNotifier.Interfaces.csproj", "{EF72B7E6-064C-4AA6-9CA3-5E921DB62609}"
EndProject
Project("{FAE04EC0-301F-11D3-BF4B-00C04F79EFBC}") = "StreamNotifier.Settings", "StreamNotifier.Settings\StreamNotifier.Settings.csproj", "{FBE967FA-455D-4440-971A-1B90D26659BD}"
EndProject
Global
	GlobalSection(SolutionConfigurationPlatforms) = preSolution
		Debug|Any CPU = Debug|Any CPU
		Release|Any CPU = Release|Any CPU
	EndGlobalSection
	GlobalSection(ProjectConfigurationPlatforms) = postSolution
		{605006EB-D4E6-4312-A293-3A43FAC43240}.Debug|Any CPU.ActiveCfg = Debug|Any CPU
		{605006EB-D4E6-4312-A293-3A43FAC43240}.Debug|Any CPU.Build.0 = Debug|Any CPU
		{605006EB-D4E6-4312-A293-3A43FAC43240}.Release|Any CPU.ActiveCfg = Release|Any CPU
		{605006EB-D4E6-4312-A293-3A43FAC43240}.Release|Any CPU.Build.0 = Release|Any CPU
		{1C006735-0D7A-4009-93ED-ABE2A5759F04}.Debug|Any CPU.ActiveCfg = Debug|Any CPU
		{1C006735-0D7A-4009-93ED-ABE2A5759F04}.Debug|Any CPU.Build.0 = Debug|Any CPU
		{1C006735-0D7A-4009-93ED-ABE2A5759F04}.Release|Any CPU.ActiveCfg = Release|Any CPU
		{1C006735-0D7A-4009-93ED-ABE2A5759F04}.Release|Any CPU.Build.0 = Release|Any CPU
		{7F237A9B-9C6E-40B1-8D2E-A9914A34D685}.Debug|Any CPU.ActiveCfg = Debug|Any CPU
		{7F237A9B-9C6E-40B1-8D2E-A9914A34D685}.Debug|Any CPU.Build.0 = Debug|Any CPU
		{7F237A9B-9C6E-40B1-8D2E-A9914A34D685}.Release|Any CPU.ActiveCfg = Release|Any CPU
		{7F237A9B-9C6E-40B1-8D2E-A9914A34D685}.Release|Any CPU.Build.0 = Release|Any CPU
		{74987114-7E0B-4698-88AF-FE215537D771}.Debug|Any CPU.ActiveCfg = Debug|Any CPU
		{74987114-7E0B-4698-88AF-FE215537D771}.Debug|Any CPU.Build.0 = Debug|Any CPU
		{74987114-7E0B-4698-88AF-FE215537D771}.Release|Any CPU.ActiveCfg = Release|Any CPU
		{74987114-7E0B-4698-88AF-FE215537D771}.Release|Any CPU.Build.0 = Release|Any CPU
		{290DD69D-4D2C-48CC-BF4D-7A832118ADFA}.Debug|Any CPU.ActiveCfg = Debug|Any CPU
		{290DD69D-4D2C-48CC-BF4D-7A832118ADFA}.Debug|Any CPU.Build.0 = Debug|Any CPU
		{290DD69D-4D2C-48CC-BF4D-7A832118ADFA}.Release|Any CPU.ActiveCfg = Release|Any CPU
		{290DD69D-4D2C-48CC-BF4D-7A832118ADFA}.Release|Any CPU.Build.0 = Release|Any CPU
		{17F8F39A-E764-4443-BE51-2EAAC2EF4F14}.Debug|Any CPU.ActiveCfg = Debug|Any CPU
		{17F8F39A-E764-4443-BE51-2EAAC2EF4F14}.Debug|Any CPU.Build.0 = Debug|Any CPU
		{17F8F39A-E764-4443-BE51-2EAAC2EF4F14}.Release|Any CPU.ActiveCfg = Release|Any CPU
		{17F8F39A-E764-4443-BE51-2EAAC2EF4F14}.Release|Any CPU.Build.0 = Release|Any CPU
		{467052D7-8DFC-468A-956C-3CF648598673}.Debug|Any CPU.ActiveCfg = Debug|Any CPU
		{467052D7-8DFC-468A-956C-3CF648598673}.Debug|Any CPU.Build.0 = Debug|Any CPU
		{467052D7-8DFC-468A-956C-3CF648598673}.Release|Any CPU.ActiveCfg = Release|Any CPU
		{467052D7-8DFC-468A-956C-3CF648598673}.Release|Any CPU.Build.0 = Release|Any CPU
		{48E18B56-4C37-4D69-ABA7-429C42B45AAC}.Debug|Any CPU.ActiveCfg = Debug|Any CPU
		{48E18B56-4C37-4D69-ABA7-429C42B45AAC}.Debug|Any CPU.Build.0 = Debug|Any CPU
		{48E18B56-4C37-4D69-ABA7-429C42B45AAC}.Release|Any CPU.ActiveCfg = Release|Any CPU
		{48E18B56-4C37-4D69-ABA7-429C42B45AAC}.Release|Any CPU.Build.0 = Release|Any CPU
		{EF72B7E6-064C-4AA6-9CA3-5E921DB62609}.Debug|Any CPU.ActiveCfg = Debug|Any CPU
		{EF72B7E6-064C-4AA6-9CA3-5E921DB62609}.Debug|Any CPU.Build.0 = Debug|Any CPU
		{EF72B7E6-064C-4AA6-9CA3-5E921DB62609}.Release|Any CPU.ActiveCfg = Release|Any CPU
		{EF72B7E6-064C-4AA6-9CA3-5E921DB62609}.Release|Any CPU.Build.0 = Release|Any CPU
		{FBE967FA-455D-4440-971A-1B90D26659BD}.Debug|Any CPU.ActiveCfg = Debug|Any CPU
		{FBE967FA-455D-4440-971A-1B90D26659BD}.Debug|Any CPU.Build.0 = Debug|Any CPU
		{FBE967FA-455D-4440-971A-1B90D26659BD}.Release|Any CPU.ActiveCfg = Release|Any CPU
		{FBE967FA-455D-4440-971A-1B90D26659BD}.Release|Any CPU.Build.0 = Release|Any CPU
	EndGlobalSection
	GlobalSection(SolutionProperties) = preSolution
		HideSolutionNode = FALSE
	EndGlobalSection
	GlobalSection(NestedProjects) = preSolution
		{34A61943-58F5-4559-A923-F55F200AB581} = {4B711DEB-E3F9-4FAC-960E-8A698D407797}
		{98D1EE93-8B89-41CC-B5C3-02973641839D} = {4B711DEB-E3F9-4FAC-960E-8A698D407797}
		{6B113DCC-246C-4FD9-A6AE-7E431B13AF37} = {4B711DEB-E3F9-4FAC-960E-8A698D407797}
		{7F237A9B-9C6E-40B1-8D2E-A9914A34D685} = {6B113DCC-246C-4FD9-A6AE-7E431B13AF37}
		{74987114-7E0B-4698-88AF-FE215537D771} = {34A61943-58F5-4559-A923-F55F200AB581}
		{290DD69D-4D2C-48CC-BF4D-7A832118ADFA} = {98D1EE93-8B89-41CC-B5C3-02973641839D}
		{C2D88608-4921-4662-9AA0-1FA3FA491626} = {4B711DEB-E3F9-4FAC-960E-8A698D407797}
		{467052D7-8DFC-468A-956C-3CF648598673} = {C2D88608-4921-4662-9AA0-1FA3FA491626}
	EndGlobalSection
EndGlobal
